
Microsoft Visual Studio Solution File, Format Version 12.00
# Visual Studio Version 17
VisualStudioVersion = 17.1.32421.90
MinimumVisualStudioVersion = 10.0.40219.1
Project("{FAE04EC0-301F-11D3-BF4B-00C04F79EFBC}") = "ProjectStructure1", "ProjectStructure1.csproj", "{FBC6836C-76F6-4324-9D25-C16D7D9EE894}"
EndProject
Global
	GlobalSection(SolutionConfigurationPlatforms) = preSolution
		Debug|Any CPU = Debug|Any CPU
		Release|Any CPU = Release|Any CPU
	EndGlobalSection
	GlobalSection(ProjectConfigurationPlatforms) = postSolution
		{FBC6836C-76F6-4324-9D25-C16D7D9EE894}.Debug|Any CPU.ActiveCfg = Debug|Any CPU
		{FBC6836C-76F6-4324-9D25-C16D7D9EE894}.Debug|Any CPU.Build.0 = Debug|Any CPU
		{FBC6836C-76F6-4324-9D25-C16D7D9EE894}.Release|Any CPU.ActiveCfg = Release|Any CPU
		{FBC6836C-76F6-4324-9D25-C16D7D9EE894}.Release|Any CPU.Build.0 = Release|Any CPU
	EndGlobalSection
	GlobalSection(SolutionProperties) = preSolution
		HideSolutionNode = FALSE
	EndGlobalSection
	GlobalSection(ExtensibilityGlobals) = postSolution
		SolutionGuid = {0C905CCC-A323-4C58-B64F-CD6EE364E8AE}
	EndGlobalSection
EndGlobal
